{
  "requires": true,
  "lockfileVersion": 1,
  "dependencies": {
    "vue-cli-plugin-element": {
      "version": "1.0.1",
      "resolved": "https://registry.npmjs.org/vue-cli-plugin-element/-/vue-cli-plugin-element-1.0.1.tgz",
      "integrity": "sha512-OJSOnJtn7f1v/8xX+MJae+RrE8WguhiiG9QTBx/MNOPXYsxqut6Ommo+ZD3raNc7eryhqdM2T/DlMfdvIKpCtw==",
      "dev": true
    }
  }
}
